
{
	"name": "gpts",
	"version": "1.0.4",
	"lockfileVersion": 2,
	"requires": true,
	"packages": {
		"": {
			"version": "1.0.4",
			"license": "MIT",
			"dependencies": {
				"axios": "^0.21.1",
				"form-data": "^4.0.0"
			},
			"devDependencies": {
				"@types/node": "^15.0.3",
				"@typescript-eslint/eslint-plugin": "^4.21.0",
				"@typescript-eslint/parser": "^4.21.0",
				"eslint": "^7.23.0",
				"typescript": "^4.2.3"
			}
		},
		"node_modules/@babel/code-frame": {
			"version": "7.12.11",
			"resolved": "https://registry.npmjs.org/@babel/code-frame/-/code-frame-7.12.11.tgz",
			"integrity": "sha512-Zt1yodBx1UcyiePMSkWnU4hPqhwq7hGi2nFL1LeA3EUl+q2LQx16MISgJ0+z7dnmgvP9QtIleuETGOiOH1RcIw==",
			"dev": true,
			"dependencies": {
				"@babel/highlight": "^7.10.4"
			}
		},
		"node_modules/@babel/helper-validator-identifier": {
			"version": "7.14.0",
			"resolved": "https://registry.npmjs.org/@babel/helper-validator-identifier/-/helper-validator-identifier-7.14.0.tgz",
			"integrity": "sha512-V3ts7zMSu5lfiwWDVWzRDGIN+lnCEUdaXgtVHJgLb1rGaA6jMrtB9EmE7L18foXJIE8Un/A/h6NJfGQp/e1J4A==",
			"dev": true
		},
		"node_modules/@babel/highlight": {
			"version": "7.14.0",
			"resolved": "https://registry.npmjs.org/@babel/highlight/-/highlight-7.14.0.tgz",
			"integrity": "sha512-YSCOwxvTYEIMSGaBQb5kDDsCopDdiUGsqpatp3fOlI4+2HQSkTmEVWnVuySdAC5EWCqSWWTv0ib63RjR7dTBdg==",
			"dev": true,
			"dependencies": {
				"@babel/helper-validator-identifier": "^7.14.0",
				"chalk": "^2.0.0",
				"js-tokens": "^4.0.0"
			}
		},