
{
	"name": "gpts",
	"version": "1.0.4",
	"lockfileVersion": 2,
	"requires": true,
	"packages": {
		"": {
			"version": "1.0.4",
			"license": "MIT",
			"dependencies": {
				"axios": "^0.21.1",
				"form-data": "^4.0.0"
			},
			"devDependencies": {
				"@types/node": "^15.0.3",
				"@typescript-eslint/eslint-plugin": "^4.21.0",
				"@typescript-eslint/parser": "^4.21.0",
				"eslint": "^7.23.0",
				"typescript": "^4.2.3"
			}
		},
		"node_modules/@babel/code-frame": {
			"version": "7.12.11",
			"resolved": "https://registry.npmjs.org/@babel/code-frame/-/code-frame-7.12.11.tgz",
			"integrity": "sha512-Zt1yodBx1UcyiePMSkWnU4hPqhwq7hGi2nFL1LeA3EUl+q2LQx16MISgJ0+z7dnmgvP9QtIleuETGOiOH1RcIw==",
			"dev": true,
			"dependencies": {
				"@babel/highlight": "^7.10.4"
			}
		},
		"node_modules/@babel/helper-validator-identifier": {
			"version": "7.14.0",
			"resolved": "https://registry.npmjs.org/@babel/helper-validator-identifier/-/helper-validator-identifier-7.14.0.tgz",
			"integrity": "sha512-V3ts7zMSu5lfiwWDVWzRDGIN+lnCEUdaXgtVHJgLb1rGaA6jMrtB9EmE7L18foXJIE8Un/A/h6NJfGQp/e1J4A==",
			"dev": true
		},
		"node_modules/@babel/highlight": {
			"version": "7.14.0",
			"resolved": "https://registry.npmjs.org/@babel/highlight/-/highlight-7.14.0.tgz",
			"integrity": "sha512-YSCOwxvTYEIMSGaBQb5kDDsCopDdiUGsqpatp3fOlI4+2HQSkTmEVWnVuySdAC5EWCqSWWTv0ib63RjR7dTBdg==",
			"dev": true,
			"dependencies": {
				"@babel/helper-validator-identifier": "^7.14.0",
				"chalk": "^2.0.0",
				"js-tokens": "^4.0.0"
			}
		},
		"node_modules/@babel/highlight/node_modules/ansi-styles": {
			"version": "3.2.1",
			"resolved": "https://registry.npmjs.org/ansi-styles/-/ansi-styles-3.2.1.tgz",
			"integrity": "sha512-VT0ZI6kZRdTh8YyJw3SMbYm/u+NqfsAxEpWO0Pf9sq8/e94WxxOpPKx9FR1FlyCtOVDNOQ+8ntlqFxiRc+r5qA==",
			"dev": true,
			"dependencies": {
				"color-convert": "^1.9.0"
			},
			"engines": {
				"node": ">=4"
			}
		},
		"node_modules/@babel/highlight/node_modules/chalk": {
			"version": "2.4.2",
			"resolved": "https://registry.npmjs.org/chalk/-/chalk-2.4.2.tgz",
			"integrity": "sha512-Mti+f9lpJNcwF4tWV8/OrTTtF1gZi+f8FqlyAdouralcFWFQWF2+NgCHShjkCb+IFBLq9buZwE1xckQU4peSuQ==",
			"dev": true,
			"dependencies": {
				"ansi-styles": "^3.2.1",
				"escape-string-regexp": "^1.0.5",
				"supports-color": "^5.3.0"
			},
			"engines": {
				"node": ">=4"
			}
		},
		"node_modules/@babel/highlight/node_modules/color-convert": {
			"version": "1.9.3",
			"resolved": "https://registry.npmjs.org/color-convert/-/color-convert-1.9.3.tgz",
			"integrity": "sha512-QfAUtd+vFdAtFQcC8CCyYt1fYWxSqAiK2cSD6zDB8N3cpsEBAvRxp9zOGg6G/SHHJYAT88/az/IuDGALsNVbGg==",
			"dev": true,
			"dependencies": {
				"color-name": "1.1.3"
			}
		},
		"node_modules/@babel/highlight/node_modules/color-name": {
			"version": "1.1.3",
			"resolved": "https://registry.npmjs.org/color-name/-/color-name-1.1.3.tgz",
			"integrity": "sha1-p9BVi9icQveV3UIyj3QIMcpTvCU=",
			"dev": true
		},
		"node_modules/@babel/highlight/node_modules/has-flag": {
			"version": "3.0.0",
			"resolved": "https://registry.npmjs.org/has-flag/-/has-flag-3.0.0.tgz",
			"integrity": "sha1-tdRU3CGZriJWmfNGfloH87lVuv0=",
			"dev": true,
			"engines": {
				"node": ">=4"
			}
		},
		"node_modules/@babel/highlight/node_modules/supports-color": {
			"version": "5.5.0",
			"resolved": "https://registry.npmjs.org/supports-color/-/supports-color-5.5.0.tgz",
			"integrity": "sha512-QjVjwdXIt408MIiAqCX4oUKsgU2EqAGzs2Ppkm4aQYbjm+ZEWEcW4SfFNTr4uMNZma0ey4f5lgLrkB0aX0QMow==",
			"dev": true,
			"dependencies": {
				"has-flag": "^3.0.0"
			},
			"engines": {
				"node": ">=4"
			}
		},
		"node_modules/@eslint/eslintrc": {
			"version": "0.4.1",
			"resolved": "https://registry.npmjs.org/@eslint/eslintrc/-/eslintrc-0.4.1.tgz",
			"integrity": "sha512-5v7TDE9plVhvxQeWLXDTvFvJBdH6pEsdnl2g/dAptmuFEPedQ4Erq5rsDsX+mvAM610IhNaO2W5V1dOOnDKxkQ==",
			"dev": true,
			"dependencies": {
				"ajv": "^6.12.4",
				"debug": "^4.1.1",
				"espree": "^7.3.0",
				"globals": "^12.1.0",
				"ignore": "^4.0.6",
				"import-fresh": "^3.2.1",
				"js-yaml": "^3.13.1",
				"minimatch": "^3.0.4",
				"strip-json-comments": "^3.1.1"
			},
			"engines": {
				"node": "^10.12.0 || >=12.0.0"
			}
		},
		"node_modules/@eslint/eslintrc/node_modules/globals": {
			"version": "12.4.0",
			"resolved": "https://registry.npmjs.org/globals/-/globals-12.4.0.tgz",
			"integrity": "sha512-BWICuzzDvDoH54NHKCseDanAhE3CeDorgDL5MT6LMXXj2WCnd9UC2szdk4AWLfjdgNBCXLUanXYcpBBKOSWGwg==",
			"dev": true,
			"dependencies": {
				"type-fest": "^0.8.1"
			},
			"engines": {
				"node": ">=8"
			},
			"funding": {
				"url": "https://github.com/sponsors/sindresorhus"
			}
		},
		"node_modules/@eslint/eslintrc/node_modules/type-fest": {
			"version": "0.8.1",
			"resolved": "https://registry.npmjs.org/type-fest/-/type-fest-0.8.1.tgz",
			"integrity": "sha512-4dbzIzqvjtgiM5rw1k5rEHtBANKmdudhGyBEajN01fEyhaAIhsoKNy6y7+IN93IfpFtwY9iqi7kD+xwKhQsNJA==",
			"dev": true,
			"engines": {
				"node": ">=8"
			}
		},
		"node_modules/@nodelib/fs.scandir": {
			"version": "2.1.4",
			"resolved": "https://registry.npmjs.org/@nodelib/fs.scandir/-/fs.scandir-2.1.4.tgz",
			"integrity": "sha512-33g3pMJk3bg5nXbL/+CY6I2eJDzZAni49PfJnL5fghPTggPvBd/pFNSgJsdAgWptuFu7qq/ERvOYFlhvsLTCKA==",
			"dev": true,
			"dependencies": {
				"@nodelib/fs.stat": "2.0.4",
				"run-parallel": "^1.1.9"
			},
			"engines": {
				"node": ">= 8"
			}
		},
		"node_modules/@nodelib/fs.stat": {
			"version": "2.0.4",
			"resolved": "https://registry.npmjs.org/@nodelib/fs.stat/-/fs.stat-2.0.4.tgz",
			"integrity": "sha512-IYlHJA0clt2+Vg7bccq+TzRdJvv19c2INqBSsoOLp1je7xjtr7J26+WXR72MCdvU9q1qTzIWDfhMf+DRvQJK4Q==",
			"dev": true,
			"engines": {
				"node": ">= 8"
			}
		},
		"node_modules/@nodelib/fs.walk": {
			"version": "1.2.6",
			"resolved": "https://registry.npmjs.org/@nodelib/fs.walk/-/fs.walk-1.2.6.tgz",
			"integrity": "sha512-8Broas6vTtW4GIXTAHDoE32hnN2M5ykgCpWGbuXHQ15vEMqr23pB76e/GZcYsZCHALv50ktd24qhEyKr6wBtow==",
			"dev": true,
			"dependencies": {
				"@nodelib/fs.scandir": "2.1.4",
				"fastq": "^1.6.0"
			},
			"engines": {
				"node": ">= 8"
			}
		},
		"node_modules/@types/json-schema": {
			"version": "7.0.7",
			"resolved": "https://registry.npmjs.org/@types/json-schema/-/json-schema-7.0.7.tgz",
			"integrity": "sha512-cxWFQVseBm6O9Gbw1IWb8r6OS4OhSt3hPZLkFApLjM8TEXROBuQGLAH2i2gZpcXdLBIrpXuTDhH7Vbm1iXmNGA==",
			"dev": true
		},
		"node_modules/@types/node": {
			"version": "15.0.3",
			"resolved": "https://registry.npmjs.org/@types/node/-/node-15.0.3.tgz",
			"integrity": "sha512-/WbxFeBU+0F79z9RdEOXH4CsDga+ibi5M8uEYr91u3CkT/pdWcV8MCook+4wDPnZBexRdwWS+PiVZ2xJviAzcQ==",
			"dev": true
		},
		"node_modules/@typescript-eslint/eslint-plugin": {
			"version": "4.23.0",
			"resolved": "https://registry.npmjs.org/@typescript-eslint/eslint-plugin/-/eslint-plugin-4.23.0.tgz",
			"integrity": "sha512-tGK1y3KIvdsQEEgq6xNn1DjiFJtl+wn8JJQiETtCbdQxw1vzjXyAaIkEmO2l6Nq24iy3uZBMFQjZ6ECf1QdgGw==",
			"dev": true,
			"dependencies": {
				"@typescript-eslint/experimental-utils": "4.23.0",
				"@typescript-eslint/scope-manager": "4.23.0",
				"debug": "^4.1.1",
				"functional-red-black-tree": "^1.0.1",
				"lodash": "^4.17.15",
				"regexpp": "^3.0.0",
				"semver": "^7.3.2",
				"tsutils": "^3.17.1"
			},